{
  "version": "5",
  "specifiers": {
    "jsr:@cliffy/command@^1.1.1": "1.1.1",
    "jsr:@cliffy/flags@1.1.1": "1.1.1",
    "jsr:@cliffy/internal@1.1.1": "1.1.1",
    "jsr:@cliffy/table@1.1.1": "1.1.1",
    "jsr:@cspotcode/outdent@0.8": "0.8.0",
    "jsr:@david/console-static-text@~0.3.4": "0.3.4",
    "jsr:@david/dax@~0.48.2": "0.48.2",
    "jsr:@david/path@0.3": "0.3.2",
    "jsr:@david/path@~0.3.2": "0.3.2",
    "jsr:@david/shell@~0.5.1": "0.5.1",
    "jsr:@david/which@0.7": "0.7.0",
    "jsr:@std/bytes@^1.0.6": "1.0.6",
    "jsr:@std/collections@^1.1.3": "1.2.0",
    "jsr:@std/fmt@1": "1.0.10",
    "jsr:@std/fmt@^1.0.9": "1.0.10",
    "jsr:@std/fs@^1.0.24": "1.0.24",
    "jsr:@std/internal@^1.0.14": "1.0.14",
    "jsr:@std/io@0.225": "0.225.3",
    "jsr:@std/path@1": "1.1.5",
    "jsr:@std/path@^1.1.5": "1.1.5",
    "jsr:@std/semver@^1.0.8": "1.0.8",
    "jsr:@std/text@^1.0.17": "1.0.19",
    "jsr:@std/toml@^1.0.11": "1.0.11",
    "jsr:@std/yaml@^1.1.1": "1.1.1",
    "jsr:@zod/zod@^4.4.3": "4.4.3",
    "npm:@github/copilot-sdk@^1.0.0-beta.9": "1.0.0-beta.9"
  },
  "jsr": {
    "@cliffy/command@1.1.1": {
      "integrity": "33d587cda00786be408a57fd1b25171289fcad09abf7c03ff401b070a9332070",
      "dependencies": [
        "jsr:@cliffy/flags",
        "jsr:@cliffy/internal",
        "jsr:@cliffy/table",
        "jsr:@std/fmt@^1.0.9",
        "jsr:@std/semver",
        "jsr:@std/text"
      ]
    },
    "@cliffy/flags@1.1.1": {
      "integrity": "8fcb14a86d4c61f96248fd4e38e243308e7660a014de65e72f095188a4699000",
      "dependencies": [
        "jsr:@cliffy/internal",
        "jsr:@std/text"
      ]
    },
    "@cliffy/internal@1.1.1": {
      "integrity": "a658c9ec5ac30819b8c25e6bff0250f57eec90c5047a8c8b19109b54a16bb89b"
    },
    "@cliffy/table@1.1.1": {
      "integrity": "2c74d172175952d60ce8b1f37d4179bba195ae47f30be87afa7522dfe4783049",
      "dependencies": [
        "jsr:@std/fmt@^1.0.9"
      ]
    },
    "@cspotcode/outdent@0.8.0": {
      "integrity": "bbb3dea1443b4191a091644dfeaf3f182cca83e9003d211c50786c21792695f6"
    },
    "@david/console-static-text@0.3.4": {
      "integrity": "1c596f500b075ff3c8bab1d328ca7148a88067fd9a506b16a73eeaf230c229fd"
    },
    "@david/dax@0.48.2": {
      "integrity": "14e4656aad5542c39b6c963e8e9573a9d6ab31711bc7a1581608b68e2ca2b030",
      "dependencies": [
        "jsr:@david/console-static-text",
        "jsr:@david/path@~0.3.2",
        "jsr:@david/shell",
        "jsr:@david/which",
        "jsr:@std/fmt@1"
      ]
    },
    "@david/path@0.3.2": {
      "integrity": "f25aaa3de4d3b9edfe25ca5edf15e3014fee7df4f77d64327e5300c27c1a0497"
    },
    "@david/shell@0.5.1": {
      "integrity": "2469318121505246c0633fd0cc34e907d8ee1716cbe41264eb78026f31b53d6c",
      "dependencies": [
        "jsr:@david/console-static-text",
        "jsr:@david/path@0.3",
        "jsr:@david/which",
        "jsr:@std/fmt@1",
        "jsr:@std/io",
        "jsr:@std/path@1"
      ]
    },
    "@david/which@0.7.0": {
      "integrity": "2e7517b28ecd2c99afe70284f2660f2c11548e5b684fa751889f105e0e4f8fe5"
    },
    "@std/bytes@1.0.6": {
      "integrity": "f6ac6adbd8ccd99314045f5703e23af0a68d7f7e58364b47d2c7f408aeb5820a"
    },
    "@std/collections@1.2.0": {
      "integrity": "47627a21d3a13138b77fd0e4d790ba9d2e603c3510b686cde6b132fe9aa98a88"
    },
    "@std/fmt@1.0.10": {
      "integrity": "90dfba288802ac6de82fb31d0917eb9e4450b9925b954d5e51fc29ac07419db5"
    },
    "@std/fs@1.0.24": {
      "integrity": "f3061b45b81673a2bece689da041df32d174be064c89eb6397fb5718d3fb7877",
      "dependencies": [
        "jsr:@std/internal",
        "jsr:@std/path@^1.1.5"
      ]
    },
    "@std/internal@1.0.14": {
      "integrity": "291516b3d4c35024d6ffbc0a9df5bf4c64116e05b50012cf846710152d2ffdf7"
    },
    "@std/io@0.225.3": {
      "integrity": "27b07b591384d12d7b568f39e61dff966b8230559122df1e9fd11cc068f7ddd1",
      "dependencies": [
        "jsr:@std/bytes"
      ]
    },
    "@std/path@1.1.5": {
      "integrity": "ccea00982ea28c36becaf6e62f855406c76a8c32d462f66f415bbb7d83a271bc",
      "dependencies": [
        "jsr:@std/internal"
      ]
    },
    "@std/semver@1.0.8": {
      "integrity": "dc830e8b8b6a380c895d53fbfd1258dc253704ca57bbe1629ac65fd7830179b7"
    },
    "@std/text@1.0.19": {
      "integrity": "003a0e032d360e8c3a4e0410fb792c77a66bd6553fee9d60c6ec1bce30d29223"
    },
    "@std/toml@1.0.11": {
      "integrity": "e084988b872ca4bad6aedfb7350f6eeed0e8ba88e9ee5e1590621c5b5bb8f715",
      "dependencies": [
        "jsr:@std/collections"
      ]
    },
    "@std/yaml@1.1.1": {
      "integrity": "a57665ecf3d17b926380593a56625d8a10cc7281802f1e993b5ebc94a48e71f8"
    },
    "@zod/zod@4.4.3": {
      "integrity": "4712ac0967efaa718b37c36eaffb4e1d4457e1a266aef6efb3ab36f54a6fefe4"
    }
  },
  "npm": {
    "@github/copilot-darwin-arm64@1.0.56": {
      "integrity": "sha512-vCittEfa/Qys86TxhI5rgxy8L8WTQoooIjEj8kZe7mq62TOOrFGnWJjqaR6mgljmPTxKRFmT6achUxKRVZil9g==",
      "os": ["darwin"],
      "cpu": ["arm64"],
      "bin": true
    },
    "@github/copilot-darwin-x64@1.0.56": {
      "integrity": "sha512-yO7OvFysG/98s9T8k5cEXzBz++mki7ufkH2S8/jqC7YIKhlj64rh+/vIBU5DQ9RLXbPKm6OjGjJn8iDWXzzuJQ==",
      "os": ["darwin"],
      "cpu": ["x64"],
      "bin": true
    },
    "@github/copilot-linux-arm64@1.0.56": {
      "integrity": "sha512-ukOwSwFOqgpQQs5Nw3GAFRGIn6LqA8KfI6hD+tUeqoWkB0OlXxwQER7sKEfSQZu1vcNnW1+YIM/qT5W5RWdmhA==",
      "os": ["linux"],
      "cpu": ["arm64"],
      "bin": true
    },
    "@github/copilot-linux-x64@1.0.56": {
      "integrity": "sha512-C84nduDAeHCTEfjs+mYfIjbBjGRx2huy8XZBu0ETAD08uUBuQpUHn2PYhaaHb1yKoG6LMceKt10PTrqNdOE9IQ==",
      "os": ["linux"],
      "cpu": ["x64"],
      "bin": true
    },
    "@github/copilot-linuxmusl-arm64@1.0.56": {
      "integrity": "sha512-EuDmGVl4fEk7Q+AVhkQkpiRlXpjGGQ5GzfBzMEOWgrvfdCLcT62p1uEaz+AT2UdkJiViruLyVf3pZFUyQwyvjA==",
      "os": ["linux"],
      "cpu": ["arm64"],
      "bin": true
    },
    "@github/copilot-linuxmusl-x64@1.0.56": {
      "integrity": "sha512-qRXub9+1J7mNIzweAaw0tGgztS6XK+ZlwhUjOcFTusbqnED33zw4HzExUNUTTDue/BOUwkYzvXqMqn5N6juIJg==",
      "os": ["linux"],
      "cpu": ["x64"],
      "bin": true
    },
    "@github/copilot-sdk@1.0.0-beta.9": {
      "integrity": "sha512-D4yiGL4/faFCjL7bozhX7bgxt/x1wp2LZ2p9Tw+xrA5hbcLh5Be5kPen+bFA8NbVfgt1G2djDYFZlrZjXXmcBw==",
      "dependencies": [
        "@github/copilot",
        "vscode-jsonrpc",
        "zod"
      ]
    },
    "@github/copilot-win32-arm64@1.0.56": {
      "integrity": "sha512-/lj/zEezNoewCxvVORLN0JFvvi9WmQTYvtIyyg8kVlA9HZeg0vpRTBM5hdoni2D8mKb7g/8w8VF2Ecy9D3+NpA==",
      "os": ["win32"],
      "cpu": ["arm64"],
      "bin": true
    },
    "@github/copilot-win32-x64@1.0.56": {
      "integrity": "sha512-062C3lp4nvVl+vkkteYOrYpgnqZ/SAi54NuTQ4k45V2TNmLIpmMybmM0tCluxOfiTY+8EuS72H9RS8NUj1CzhQ==",
      "os": ["win32"],
      "cpu": ["x64"],
      "bin": true
    },
    "@github/copilot@1.0.56": {
      "integrity": "sha512-epJ9yRqK1QjU73FDAlxPqZKh+CxkA1TIYbhTvXblturw5wWUhCSRhI2XoamNERohPznY10Wg3tbZC3jUAmQdJw==",
      "dependencies": [
        "detect-libc"
      ],
      "optionalDependencies": [
        "@github/copilot-darwin-arm64",
        "@github/copilot-darwin-x64",
        "@github/copilot-linux-arm64",
        "@github/copilot-linux-x64",
        "@github/copilot-linuxmusl-arm64",
        "@github/copilot-linuxmusl-x64",
        "@github/copilot-win32-arm64",
        "@github/copilot-win32-x64"
      ],
      "bin": true
    },
    "detect-libc@2.1.2": {
      "integrity": "sha512-Btj2BOOO83o3WyH59e8MgXsxEQVcarkUOpEYrubB0urwnN10yQ364rsiByU11nZlqWYZm05i/of7io4mzihBtQ=="
    },
    "vscode-jsonrpc@8.2.1": {
      "integrity": "sha512-kdjOSJ2lLIn7r1rtrMbbNCHjyMPfRnowdKjBQ+mGq6NAW5QY2bEZC/khaC5OR8svbbjvLEaIXkOq45e2X9BIbQ=="
    },
    "zod@4.4.3": {
      "integrity": "sha512-ytENFjIJFl2UwYglde2jchW2Hwm4GJFLDiSXWdTrJQBIN9Fcyp7n4DhxJEiWNAJMV1/BqWfW/kkg71UDcHJyTQ=="
    }
  },
  "workspace": {
    "dependencies": [
      "jsr:@cliffy/command@^1.1.1",
      "jsr:@cspotcode/outdent@0.8",
      "jsr:@david/dax@~0.48.2",
      "jsr:@std/fs@^1.0.24",
      "jsr:@std/path@^1.1.5",
      "jsr:@std/toml@^1.0.11",
      "jsr:@std/yaml@^1.1.1",
      "jsr:@zod/zod@^4.4.3",
      "npm:@github/copilot-sdk@^1.0.0-beta.9"
    ]
  }
}
