{
  "version": "5",
  "specifiers": {
    "jsr:@cliffy/ansi@1.2.1": "1.2.1",
    "jsr:@cliffy/command@^1.2.1": "1.2.1",
    "jsr:@cliffy/flags@1.2.1": "1.2.1",
    "jsr:@cliffy/internal@1.2.1": "1.2.1",
    "jsr:@cliffy/keycode@1.2.1": "1.2.1",
    "jsr:@cliffy/prompt@^1.2.1": "1.2.1",
    "jsr:@cliffy/table@1.2.1": "1.2.1",
    "jsr:@cspotcode/outdent@0.8": "0.8.0",
    "jsr:@david/console-static-text@~0.3.4": "0.3.4",
    "jsr:@david/dax@~0.48.4": "0.48.4",
    "jsr:@david/path@0.3": "0.3.2",
    "jsr:@david/path@~0.3.2": "0.3.2",
    "jsr:@david/shell@~0.5.3": "0.5.3",
    "jsr:@david/which@0.7": "0.7.0",
    "jsr:@std/assert@^1.0.19": "1.0.19",
    "jsr:@std/bytes@^1.0.6": "1.0.6",
    "jsr:@std/collections@^1.1.3": "1.3.0",
    "jsr:@std/encoding@^1.0.10": "1.0.11",
    "jsr:@std/fmt@1": "1.0.10",
    "jsr:@std/fmt@^1.0.10": "1.0.10",
    "jsr:@std/fs@^1.0.24": "1.0.24",
    "jsr:@std/internal@^1.0.14": "1.0.14",
    "jsr:@std/io@0.225": "0.225.3",
    "jsr:@std/io@~0.225.3": "0.225.3",
    "jsr:@std/path@1": "1.1.6",
    "jsr:@std/path@^1.1.5": "1.1.6",
    "jsr:@std/path@^1.1.6": "1.1.6",
    "jsr:@std/semver@^1.0.8": "1.0.8",
    "jsr:@std/streams@^1.1.1": "1.1.1",
    "jsr:@std/text@^1.0.19": "1.0.19",
    "jsr:@std/toml@^1.0.11": "1.0.11",
    "jsr:@std/yaml@^1.1.2": "1.1.2",
    "jsr:@zod/zod@^4.4.3": "4.4.3",
    "npm:@github/copilot-sdk@^1.0.5": "1.0.5"
  },
  "jsr": {
    "@cliffy/ansi@1.2.1": {
      "integrity": "b8702def9c0110b6eeb2b3b71e0b26cbe0a427facbb4f9c0189da0ba19feb549",
      "dependencies": [
        "jsr:@cliffy/internal",
        "jsr:@std/encoding",
        "jsr:@std/io@~0.225.3"
      ]
    },
    "@cliffy/command@1.2.1": {
      "integrity": "b7b017c81560d96580ea810c8564566884d8194416f6fc06bfdc8846e8fd590f",
      "dependencies": [
        "jsr:@cliffy/flags",
        "jsr:@cliffy/internal",
        "jsr:@cliffy/table",
        "jsr:@std/fmt@^1.0.10",
        "jsr:@std/semver",
        "jsr:@std/text"
      ]
    },
    "@cliffy/flags@1.2.1": {
      "integrity": "10034920ef7595db586fecec5a3b10a4ec800c513cbbc368414cd748dac706fb",
      "dependencies": [
        "jsr:@cliffy/internal",
        "jsr:@std/text"
      ]
    },
    "@cliffy/internal@1.2.1": {
      "integrity": "e398f41c6839d3d4d249c963bfcb1058013091425926d53a3cb482b1ca70684b"
    },
    "@cliffy/keycode@1.2.1": {
      "integrity": "ce0a1e00986054da31bc767274acefdc923338a47e75ad1fc2046a11c87ace16"
    },
    "@cliffy/prompt@1.2.1": {
      "integrity": "e468fae0f52093ff2099f5be0bbc7632348ab82a3b7337b12ddd888aeb5d6eed",
      "dependencies": [
        "jsr:@cliffy/ansi",
        "jsr:@cliffy/internal",
        "jsr:@cliffy/keycode",
        "jsr:@std/assert",
        "jsr:@std/fmt@^1.0.10",
        "jsr:@std/io@~0.225.3",
        "jsr:@std/path@^1.1.5",
        "jsr:@std/text"
      ]
    },
    "@cliffy/table@1.2.1": {
      "integrity": "be333e62f2c754f8bf75a38c8177515b152040572c9f75298e9bcef1314b82ff",
      "dependencies": [
        "jsr:@std/fmt@^1.0.10"
      ]
    },
    "@cspotcode/outdent@0.8.0": {
      "integrity": "bbb3dea1443b4191a091644dfeaf3f182cca83e9003d211c50786c21792695f6"
    },
    "@david/console-static-text@0.3.4": {
      "integrity": "1c596f500b075ff3c8bab1d328ca7148a88067fd9a506b16a73eeaf230c229fd"
    },
    "@david/dax@0.48.4": {
      "integrity": "6e49e23994c4b56c1a78b219f37297daaf57ec24e3beb888beb9c6ac36b907a3",
      "dependencies": [
        "jsr:@david/console-static-text",
        "jsr:@david/path@~0.3.2",
        "jsr:@david/shell",
        "jsr:@david/which",
        "jsr:@std/fmt@1"
      ]
    },
    "@david/path@0.3.2": {
      "integrity": "f25aaa3de4d3b9edfe25ca5edf15e3014fee7df4f77d64327e5300c27c1a0497"
    },
    "@david/shell@0.5.3": {
      "integrity": "2349201b78b75cb1fc574bde0a90f49aec08c0b12205f487067aa818f1eafad5",
      "dependencies": [
        "jsr:@david/console-static-text",
        "jsr:@david/path@0.3",
        "jsr:@david/which",
        "jsr:@std/fmt@1",
        "jsr:@std/io@0.225",
        "jsr:@std/path@1"
      ]
    },
    "@david/which@0.7.0": {
      "integrity": "2e7517b28ecd2c99afe70284f2660f2c11548e5b684fa751889f105e0e4f8fe5"
    },
    "@std/assert@1.0.19": {
      "integrity": "eaada96ee120cb980bc47e040f82814d786fe8162ecc53c91d8df60b8755991e"
    },
    "@std/bytes@1.0.6": {
      "integrity": "f6ac6adbd8ccd99314045f5703e23af0a68d7f7e58364b47d2c7f408aeb5820a"
    },
    "@std/collections@1.2.0": {
      "integrity": "47627a21d3a13138b77fd0e4d790ba9d2e603c3510b686cde6b132fe9aa98a88"
    },
    "@std/collections@1.3.0": {
      "integrity": "eb36b43d784477ea0b476483ac034a14bdd182aff921c812ecf662a1fcef9498"
    },
    "@std/encoding@1.0.11": {
      "integrity": "e7cef2f0b3153bccc17431e7c864a1de03a4b6d9647389c43e08aaa775d37385"
    },
    "@std/fmt@1.0.10": {
      "integrity": "90dfba288802ac6de82fb31d0917eb9e4450b9925b954d5e51fc29ac07419db5"
    },
    "@std/fs@1.0.24": {
      "integrity": "f3061b45b81673a2bece689da041df32d174be064c89eb6397fb5718d3fb7877",
      "dependencies": [
        "jsr:@std/internal",
        "jsr:@std/path@^1.1.5"
      ]
    },
    "@std/internal@1.0.14": {
      "integrity": "291516b3d4c35024d6ffbc0a9df5bf4c64116e05b50012cf846710152d2ffdf7"
    },
    "@std/io@0.225.3": {
      "integrity": "27b07b591384d12d7b568f39e61dff966b8230559122df1e9fd11cc068f7ddd1",
      "dependencies": [
        "jsr:@std/bytes"
      ]
    },
    "@std/path@1.1.6": {
      "integrity": "c68485c2a4dfbb5ae3cc74fae4e8c4e5d874cf8a8ed12927917235c758b46cbe",
      "dependencies": [
        "jsr:@std/internal"
      ]
    },
    "@std/semver@1.0.8": {
      "integrity": "dc830e8b8b6a380c895d53fbfd1258dc253704ca57bbe1629ac65fd7830179b7"
    },
    "@std/streams@1.1.1": {
      "integrity": "92556d350e537e9dce527a6d08f6f15be3ff65e656079dea69d15252187c7613",
      "dependencies": [
        "jsr:@std/bytes"
      ]
    },
    "@std/text@1.0.19": {
      "integrity": "003a0e032d360e8c3a4e0410fb792c77a66bd6553fee9d60c6ec1bce30d29223"
    },
    "@std/toml@1.0.11": {
      "integrity": "e084988b872ca4bad6aedfb7350f6eeed0e8ba88e9ee5e1590621c5b5bb8f715",
      "dependencies": [
        "jsr:@std/collections"
      ]
    },
    "@std/yaml@1.1.2": {
      "integrity": "de612653c036749ba2044165e316f52412b0f0698afffb7ee80b5331d6d2abae"
    },
    "@zod/zod@4.4.3": {
      "integrity": "4712ac0967efaa718b37c36eaffb4e1d4457e1a266aef6efb3ab36f54a6fefe4"
    }
  },
  "npm": {
    "@github/copilot-darwin-arm64@1.0.68": {
      "integrity": "sha512-0G26AL9dlrwTa5IRTxPEnkX6Kz20CuetIwXzABmWwiXYcsR9rswM/NYICR3k53TOa0zL7aqFPnl98CW7J5XbZw==",
      "os": ["darwin"],
      "cpu": ["arm64"],
      "bin": true
    },
    "@github/copilot-darwin-x64@1.0.68": {
      "integrity": "sha512-RoClWH4CPH19pv5jrR0E6pBU6ljgrzL7idb7tV2pPtMYGTuwqW//XrIEE4n/5NVZmhzEiVBeq04THzOBeV493A==",
      "os": ["darwin"],
      "cpu": ["x64"],
      "bin": true
    },
    "@github/copilot-linux-arm64@1.0.68": {
      "integrity": "sha512-SXSOz/2xPeUM/ndKypBiQv+QGYaEM7oGytl1i+Yx4tJnOoIwLkkTmIaWUbBNn0n5DTEjUcWyDqHzxxo/42FKRQ==",
      "os": ["linux"],
      "cpu": ["arm64"],
      "bin": true
    },
    "@github/copilot-linux-x64@1.0.68": {
      "integrity": "sha512-YdG1chniWyps7XEJ2YHUOJkcOc6BpDQZby/zOKCVdswzRXx7d3WiZ2P9lfDimBBmXXJEJ81Fqhv2ZK5eOmGlUw==",
      "os": ["linux"],
      "cpu": ["x64"],
      "bin": true
    },
    "@github/copilot-linuxmusl-arm64@1.0.68": {
      "integrity": "sha512-LTYZFOHpeLg4rCtsq3A/LMZxxRKFcCLmhnt8F7ovNYLNDJMkh3xdYanoXP0C0PO3uyUMiNJ+p5YXhZiBuo2yfw==",
      "os": ["linux"],
      "cpu": ["arm64"],
      "bin": true
    },
    "@github/copilot-linuxmusl-x64@1.0.68": {
      "integrity": "sha512-oOMXZ9HPJAJaKSrXZIYuond4uOiUkK1uRhVPI3Cs74n7uEVKPWpNlTN+j/O754dnBa1+HJcuZSDMulTbnOgirg==",
      "os": ["linux"],
      "cpu": ["x64"],
      "bin": true
    },
    "@github/copilot-sdk@1.0.5": {
      "integrity": "sha512-N6Yk2DcpM9orYXWGBcQs5R0FdiVYrCn7UHQ206cUkfJengKYjgcd3f78BvVB6Dot3j0TvO04FnQ85K9/kbRRag==",
      "dependencies": [
        "@github/copilot",
        "vscode-jsonrpc",
        "zod"
      ]
    },
    "@github/copilot-win32-arm64@1.0.68": {
      "integrity": "sha512-ZDqpJMP9Y5vqwvRxnIvZrVl8ibx/P66m3JTXQuzv6pitq7rkMEuNKscZ7cjJYN4N+BCOF5++5LKw8O1WHzXAAA==",
      "os": ["win32"],
      "cpu": ["arm64"],
      "bin": true
    },
    "@github/copilot-win32-x64@1.0.68": {
      "integrity": "sha512-eplj/Y2B+amMLJ37oNE6G8gx85j8ucAuJz+CjzpzprNiBUq45lFL8ukGeDtaLMRvIeYAEDYdz5yUzu2XtCE7mA==",
      "os": ["win32"],
      "cpu": ["x64"],
      "bin": true
    },
    "@github/copilot@1.0.68": {
      "integrity": "sha512-2VPcTlW0RAEsfeS0Ma2ICCkfXgpxy3NL7+SReR8gzvEEPiokSRf0k5JBPlgMbBEFvocSRcJ01S8KvBm84Dw+Fw==",
      "dependencies": [
        "detect-libc"
      ],
      "optionalDependencies": [
        "@github/copilot-darwin-arm64",
        "@github/copilot-darwin-x64",
        "@github/copilot-linux-arm64",
        "@github/copilot-linux-x64",
        "@github/copilot-linuxmusl-arm64",
        "@github/copilot-linuxmusl-x64",
        "@github/copilot-win32-arm64",
        "@github/copilot-win32-x64"
      ],
      "bin": true
    },
    "detect-libc@2.1.2": {
      "integrity": "sha512-Btj2BOOO83o3WyH59e8MgXsxEQVcarkUOpEYrubB0urwnN10yQ364rsiByU11nZlqWYZm05i/of7io4mzihBtQ=="
    },
    "vscode-jsonrpc@8.2.1": {
      "integrity": "sha512-kdjOSJ2lLIn7r1rtrMbbNCHjyMPfRnowdKjBQ+mGq6NAW5QY2bEZC/khaC5OR8svbbjvLEaIXkOq45e2X9BIbQ=="
    },
    "zod@4.4.3": {
      "integrity": "sha512-ytENFjIJFl2UwYglde2jchW2Hwm4GJFLDiSXWdTrJQBIN9Fcyp7n4DhxJEiWNAJMV1/BqWfW/kkg71UDcHJyTQ=="
    }
  },
  "workspace": {
    "dependencies": [
      "jsr:@cliffy/command@^1.2.1",
      "jsr:@cliffy/prompt@^1.2.1",
      "jsr:@cspotcode/outdent@0.8",
      "jsr:@david/dax@~0.48.4",
      "jsr:@std/fs@^1.0.24",
      "jsr:@std/path@^1.1.6",
      "jsr:@std/streams@^1.1.1",
      "jsr:@std/toml@^1.0.11",
      "jsr:@std/yaml@^1.1.2",
      "jsr:@zod/zod@^4.4.3",
      "npm:@github/copilot-sdk@^1.0.5"
    ]
  }
}
