version: 7
platforms:
- name: linux-64
  virtual-packages:
  - __unix=0=0
  - __linux=4.18
  - __glibc=2.28
  - __archspec=0=x86_64
environments:
  default:
    channels:
    - url: https://prefix.dev/brads-forge/
    - url: https://conda.anaconda.org/conda-forge/
    packages:
      linux-64:
      - conda: https://conda.anaconda.org/conda-forge/linux-64/_openmp_mutex-4.5-20_gnu.conda
      - conda: https://conda.anaconda.org/conda-forge/linux-64/age-1.3.1-hfc2019e_1.conda
      - conda: https://conda.anaconda.org/conda-forge/linux-64/c-ares-1.34.8-hebe6cf0_2.conda
      - conda: https://conda.anaconda.org/conda-forge/linux-64/gh-2.98.0-hfc2019e_0.conda
      - conda: https://conda.anaconda.org/conda-forge/linux-64/go-sops-3.13.3-hfc2019e_0.conda
      - conda: https://conda.anaconda.org/conda-forge/linux-64/icu-78.3-py310h44b86e0_2.conda
      - conda: https://conda.anaconda.org/conda-forge/linux-64/keyutils-1.6.3-h7cc23a3_1.conda
      - conda: https://conda.anaconda.org/conda-forge/linux-64/krb5-1.22.2-hbc21106_2.conda
      - conda: https://conda.anaconda.org/conda-forge/linux-64/libcurl-8.21.0-ha042cf0_5.conda
      - conda: https://conda.anaconda.org/conda-forge/linux-64/libedit-3.1.20250104-pl5321h373387f_1.conda
      - conda: https://conda.anaconda.org/conda-forge/linux-64/libev-4.33-h280c20c_3.conda
      - conda: https://conda.anaconda.org/conda-forge/linux-64/libgcc-16.2.0-ha9f2e26_4.conda
      - conda: https://conda.anaconda.org/conda-forge/linux-64/libgcc-ng-16.2.0-h69a702a_4.conda
      - conda: https://conda.anaconda.org/conda-forge/linux-64/libgomp-16.2.0-he0feb66_4.conda
      - conda: https://conda.anaconda.org/conda-forge/linux-64/libnghttp2-1.68.1-h74cf4be_1.conda
      - conda: https://conda.anaconda.org/conda-forge/linux-64/libpsl-0.23.1-hd9e3e90_1.conda
      - conda: https://conda.anaconda.org/conda-forge/linux-64/libssh2-1.11.1-h6154650_1.conda
      - conda: https://conda.anaconda.org/conda-forge/linux-64/libstdcxx-16.2.0-h934c35e_4.conda
      - conda: https://conda.anaconda.org/conda-forge/linux-64/liburcu-0.14.0-hac33072_0.conda
      - conda: https://conda.anaconda.org/conda-forge/linux-64/libzlib-1.3.2-h25fd6f3_3.conda
      - conda: https://conda.anaconda.org/conda-forge/linux-64/lttng-ust-2.13.9-hf5eda4c_0.conda
      - conda: https://conda.anaconda.org/conda-forge/linux-64/ncurses-6.6-hdb14827_1.conda
      - conda: https://conda.anaconda.org/conda-forge/linux-64/openssl-3.6.4-h781a0a9_0.conda
      - conda: https://conda.anaconda.org/conda-forge/linux-64/zlib-1.3.2-h25fd6f3_3.conda
      - conda: https://conda.anaconda.org/conda-forge/linux-64/zstd-1.5.7-hb78ec9c_7.conda
      - conda: https://conda.anaconda.org/conda-forge/noarch/ca-certificates-2026.7.22-hbd8a1cb_0.conda
      - conda: https://prefix.dev/brads-forge/linux-64/cocogitto-7.0.0-h81b34b9_2.conda
      - conda: https://prefix.dev/brads-forge/linux-64/copilot-cli-1.0.80-h81b34b9_1.conda
      - conda: https://prefix.dev/brads-forge/linux-64/deno-2.9.5-h81b34b9_4.conda
      - conda: https://prefix.dev/brads-forge/linux-64/dotnetup-0.5.2-hcc556be_0.conda
      - conda: https://prefix.dev/brads-forge/linux-64/dprint-0.55.2-h81b34b9_3.conda
      - conda: https://prefix.dev/brads-forge/linux-64/lefthook-2.1.11-h81b34b9_2.conda
      - conda: https://prefix.dev/brads-forge/linux-64/skopeo-1.24.0-h81b34b9_0.conda
      - conda: https://prefix.dev/brads-forge/linux-64/task-3.53.1-h81b34b9_2.conda
      - conda: https://prefix.dev/brads-forge/linux-64/xcaffold-0.15.0-h81b34b9_0.conda
packages:
- conda: https://conda.anaconda.org/conda-forge/linux-64/_openmp_mutex-4.5-20_gnu.conda
  build_number: 20
  sha256: 1dd3fffd892081df9726d7eb7e0dea6198962ba775bd88842135a4ddb4deb3c9
  md5: a9f577daf3de00bca7c3c76c0ecbd1de
  depends:
  - __glibc >=2.17,<3.0.a0
  - libgomp >=7.5.0
  constrains:
  - openmp_impl <0.0a0
  license: BSD-3-Clause
  license_family: BSD
  run_exports:
    strong:
    - _openmp_mutex >=4.5
  size: 28948
  timestamp: 1770939786096
- conda: https://conda.anaconda.org/conda-forge/linux-64/age-1.3.1-hfc2019e_1.conda
  sha256: 08a4c0253f8a5059fb501092eaf370378d881a885134876d7324774fa5cfbbec
  md5: 0bd6bbe1dce276425a14790ce62e1397
  license: BSD-3-Clause
  license_family: BSD
  run_exports: {}
  size: 5823491
  timestamp: 1770590344400
- conda: https://conda.anaconda.org/conda-forge/linux-64/c-ares-1.34.8-hebe6cf0_2.conda
  sha256: 9c37cc233238adf366ea75b0e845662a5be07ceadf62e458183516369340274b
  md5: 3ad2b403be8fc5612b9159e2ce621f69
  depends:
  - libgcc >=15
  - __glibc >=2.17,<3.0.a0
  license: MIT
  license_family: MIT
  run_exports:
    weak:
    - c-ares >=1.34.8,<2.0a0
  size: 228700
  timestamp: 1787169971173
- conda: https://conda.anaconda.org/conda-forge/linux-64/gh-2.98.0-hfc2019e_0.conda
  sha256: 4c789f6e6ae235538abc18b6739b494a82e494aef94ac7b9242de2e19ebe4cdf
  md5: 83dcd17d67a68a6875deff2bd4ac49be
  license: Apache-2.0
  license_family: APACHE
  run_exports: {}
  size: 13564024
  timestamp: 1787277935798
- conda: https://conda.anaconda.org/conda-forge/linux-64/go-sops-3.13.3-hfc2019e_0.conda
  sha256: 1a87fc1fae9954346e01b76d5d9e59262ae14ad1c68c81a31c562644a3db0855
  md5: 03b8c9da967ab0fdeb27476e0d530137
  license: MPL-2.0
  license_family: MOZILLA
  run_exports: {}
  size: 30291608
  timestamp: 1785020911089
- conda: https://conda.anaconda.org/conda-forge/linux-64/icu-78.3-py310h44b86e0_2.conda
  sha256: 9f07834f0c546ab14d885ce0366285f61f44e326c0edd1fc63b8294e113ae432
  md5: 72a381cbad04f24b1c2a43ef707f45b4
  depends:
  - __glibc >=2.17,<3.0.a0
  - libstdcxx >=14
  - libgcc >=14
  license: MIT
  license_family: MIT
  run_exports:
    weak:
    - icu >=78.3,<79.0a0
  size: 14459115
  timestamp: 1786545741408
- conda: https://conda.anaconda.org/conda-forge/linux-64/keyutils-1.6.3-h7cc23a3_1.conda
  sha256: dd053c96dcb0dcfd59422aefea9d2fe937a190167f34fba7893ec1e10a7e8963
  md5: ba55d1b89fd7775e67de8291029b4059
  depends:
  - __glibc >=2.17,<3.0.a0
  - libgcc >=15
  license: LGPL-2.1-or-later
  run_exports:
    weak:
    - keyutils >=1.6.3,<2.0a0
  size: 135295
  timestamp: 1786739238128
- conda: https://conda.anaconda.org/conda-forge/linux-64/krb5-1.22.2-hbc21106_2.conda
  sha256: 2a5c38c85e63df84c4e69ee71439841ce570d259ae3060627bb9a49a938d66f4
  md5: 53318d715316929a574f83591308b1f8
  depends:
  - __glibc >=2.17,<3.0.a0
  - keyutils >=1.6.3,<2.0a0
  - libedit >=3.1.20250104,<3.2.0a0
  - libedit >=3.1.20250104,<4.0a0
  - libgcc >=15
  - libstdcxx >=15
  - openssl >=3.5.7,<4.0a0
  license: MIT
  license_family: MIT
  run_exports:
    weak:
    - krb5 >=1.22.2,<1.23.0a0
  size: 1394333
  timestamp: 1786762112514
- conda: https://conda.anaconda.org/conda-forge/linux-64/libcurl-8.21.0-ha042cf0_5.conda
  sha256: 0b6cc13e36cf19ae9b764740112fc591682e189c99353be9f72f3d96ccf29d79
  md5: 0ed167049513943d078a6c997df2b4e0
  depends:
  - __glibc >=2.17,<3.0.a0
  - krb5 >=1.22.2,<1.23.0a0
  - libgcc >=15
  - libnghttp2 >=1.68.1,<2.0a0
  - libpsl >=0.23.1,<0.24.0a0
  - libssh2 >=1.11.1,<2.0a0
  - libzlib >=1.3.2,<2.0a0
  - openssl >=3.5.7,<4.0a0
  - zstd >=1.5.7,<1.6.0a0
  license: curl
  license_family: MIT
  run_exports:
    weak:
    - libcurl >=8.21.0,<9.0a0
  size: 484517
  timestamp: 1787183722915
- conda: https://conda.anaconda.org/conda-forge/linux-64/libedit-3.1.20250104-pl5321h373387f_1.conda
  sha256: 6473eb8caf2aae830f37caa93db9b26dddf7ac84b63229e8bf7fc0e5c3ab95b0
  md5: 50708d3b951d0f8e2d7f2df5b5edc040
  depends:
  - ncurses
  - libgcc >=14
  - __glibc >=2.17,<3.0.a0
  - ncurses >=6.6,<7.0a0
  license: BSD-2-Clause
  license_family: BSD
  run_exports:
    weak:
    - libedit >=3.1.20250104,<3.2.0a0
  size: 135098
  timestamp: 1786616658086
- conda: https://conda.anaconda.org/conda-forge/linux-64/libev-4.33-h280c20c_3.conda
  sha256: e4418f68d01a6307c4431b585c71b584f40189877364e542ee87deb777f5e85b
  md5: 7bc31538d6e3fb349e897353969237ec
  depends:
  - libgcc >=14
  - __glibc >=2.17,<3.0.a0
  license: BSD-2-Clause OR GPL-2.0-or-later
  license_family: GPL
  run_exports:
    weak:
    - libev >=4.33,<4.34.0a0
  size: 43220
  timestamp: 1785917328200
- conda: https://conda.anaconda.org/conda-forge/linux-64/libgcc-16.2.0-ha9f2e26_4.conda
  sha256: 24090e675d34403b4ee1cd4372d8f6c0937da7ecfd66a19a57cac2ed0f4ea793
  md5: cba14d01083fc62ffd32c24d7d390633
  depends:
  - __glibc >=2.17,<3.0.a0
  - _openmp_mutex >=4.5
  constrains:
  - libgcc-ng ==16.2.0=*_4
  - libgomp 16.2.0 he0feb66_4
  license: GPL-3.0-only WITH GCC-exception-3.1
  license_family: GPL
  run_exports: {}
  size: 1058083
  timestamp: 1787618680111
- conda: https://conda.anaconda.org/conda-forge/linux-64/libgcc-ng-16.2.0-h69a702a_4.conda
  sha256: d8e66c14e23f2b3c70410cff5979d9d357e6edfb990b28d8e630852f4d395629
  md5: b3e52878163a841f6fb951989cc0b217
  depends:
  - libgcc 16.2.0 ha9f2e26_4
  license: GPL-3.0-only WITH GCC-exception-3.1
  license_family: GPL
  run_exports:
    strong:
    - libgcc
  size: 28403
  timestamp: 1787618684957
- conda: https://conda.anaconda.org/conda-forge/linux-64/libgomp-16.2.0-he0feb66_4.conda
  sha256: 0fe5cb8e0752241ab55e11656ed1b9726248b522d23b929fe7c95b83eb55b9bb
  md5: 89d2c1231f47bd818f5d624b9411459d
  depends:
  - __glibc >=2.17,<3.0.a0
  license: GPL-3.0-only WITH GCC-exception-3.1
  license_family: GPL
  run_exports:
    strong:
    - _openmp_mutex >=4.5
  size: 639968
  timestamp: 1787618616266
- conda: https://conda.anaconda.org/conda-forge/linux-64/libnghttp2-1.68.1-h74cf4be_1.conda
  sha256: 11a2f54a6f391e25738bce0023e6ef499600147bbcf21c1fa69d2e251b03cc6a
  md5: 75d211f04ac87506f1f43420712a69fe
  depends:
  - __glibc >=2.17,<3.0.a0
  - c-ares >=1.34.8,<2.0a0
  - libev >=4.33,<4.34.0a0
  - libev >=4.33,<5.0a0
  - libgcc >=15
  - libstdcxx >=15
  - libzlib >=1.3.2,<2.0a0
  - openssl >=3.5.7,<4.0a0
  license: MIT
  license_family: MIT
  run_exports:
    weak:
    - libnghttp2 >=1.68.1,<2.0a0
  size: 649974
  timestamp: 1787177490105
- conda: https://conda.anaconda.org/conda-forge/linux-64/libpsl-0.23.1-hd9e3e90_1.conda
  sha256: 09e8effdc89bc5d021349318d32b85594f5b8d8e3ab8f90a85b81f8fe695a566
  md5: 77be60417aa572afcb48cbe0f967401d
  depends:
  - libstdcxx >=15
  - libgcc >=15
  - __glibc >=2.17,<3.0.a0
  - icu >=78.3,<79.0a0
  license: MIT
  license_family: MIT
  run_exports:
    weak:
    - libpsl >=0.23.1,<0.24.0a0
  size: 72519
  timestamp: 1786970753847
- conda: https://conda.anaconda.org/conda-forge/linux-64/libssh2-1.11.1-h6154650_1.conda
  sha256: 7e463000fa1cba3f3a6597b776f6ab301d425a96e3bc20d0d9d76a3b9f237aa3
  md5: 5c526561e1d2a2e071941174eae84557
  depends:
  - __glibc >=2.17,<3.0.a0
  - libgcc >=14
  - libzlib >=1.3.2,<2.0a0
  - openssl >=3.5.7,<4.0a0
  license: BSD-3-Clause
  license_family: BSD
  run_exports:
    weak:
    - libssh2 >=1.11.1,<2.0a0
  size: 306045
  timestamp: 1786713107897
- conda: https://conda.anaconda.org/conda-forge/linux-64/libstdcxx-16.2.0-h934c35e_4.conda
  sha256: 40b792b0186c1e8859280a1f6f19a54fc50a11b32724fc7b637009c1a9bd302b
  md5: 2f2ef0d96de5bdd8c1270ff22fdf9352
  depends:
  - __glibc >=2.17,<3.0.a0
  - libgcc 16.2.0 ha9f2e26_4
  constrains:
  - libstdcxx-ng ==16.2.0=*_4
  license: GPL-3.0-only WITH GCC-exception-3.1
  license_family: GPL
  run_exports: {}
  size: 6613148
  timestamp: 1787618704262
- conda: https://conda.anaconda.org/conda-forge/linux-64/liburcu-0.14.0-hac33072_0.conda
  sha256: 208ead1ed147f588c722ef9dec7656f538111b15fb85c04f645758fa4fa8e3c3
  md5: 0b2b4f99717fe8f82dc21a3b0c504923
  depends:
  - libgcc-ng >=12
  license: LGPL-2.0-or-later
  license_family: LGPL
  run_exports:
    weak:
    - liburcu >=0.14.0,<0.15.0a0
  size: 176874
  timestamp: 1718888439831
- conda: https://conda.anaconda.org/conda-forge/linux-64/libzlib-1.3.2-h25fd6f3_3.conda
  sha256: eb8a0db0aa570124f7d2a93d7c7f596e3390df5e047818d873baad32985fc736
  md5: 0de0122d9570a8ab637c6b73db268389
  depends:
  - __glibc >=2.17,<3.0.a0
  constrains:
  - zlib 1.3.2 *_3
  license: Zlib
  license_family: Other
  run_exports:
    weak:
    - libzlib >=1.3.2,<2.0a0
  size: 63713
  timestamp: 1785362952714
- conda: https://conda.anaconda.org/conda-forge/linux-64/lttng-ust-2.13.9-hf5eda4c_0.conda
  sha256: 77ea6f9546bb8e4d6050b4ad8efb9bfb2177e9173a03b4d9eae6fd8ce1056431
  md5: bf1ee9cd230a64573a8b7745c6aaa593
  depends:
  - liburcu
  - libgcc >=13
  - __glibc >=2.17,<3.0.a0
  - liburcu >=0.14.0,<0.15.0a0
  license: LGPL-2.1-only
  run_exports:
    weak:
    - lttng-ust >=2.13.9,<2.14.0a0
  size: 375355
  timestamp: 1745310024643
- conda: https://conda.anaconda.org/conda-forge/linux-64/ncurses-6.6-hdb14827_1.conda
  sha256: 5d46557214ed184381dafe835b7c94a474a1c3b307a08a250b1ea4779b44ffb3
  md5: ee6c0cd80a60961a1f48aa3e0b91f986
  depends:
  - __glibc >=2.17,<3.0.a0
  - libgcc >=14
  license: X11 AND BSD-3-Clause
  run_exports:
    weak:
    - ncurses >=6.6,<7.0a0
  size: 911196
  timestamp: 1786355078102
- conda: https://conda.anaconda.org/conda-forge/linux-64/openssl-3.6.4-h781a0a9_0.conda
  sha256: 4747b2d6a8336f52343bceb8a1ebf41a9e6e665b9d2e3f989972de53a310599e
  md5: 16e3034a330cc625f2c685edec60cf4e
  depends:
  - __glibc >=2.17,<3.0.a0
  - ca-certificates
  - libgcc >=15
  license: Apache-2.0
  license_family: Apache
  run_exports:
    weak:
    - openssl >=3.6.4,<4.0a0
  size: 3202955
  timestamp: 1787698780103
- conda: https://conda.anaconda.org/conda-forge/linux-64/zlib-1.3.2-h25fd6f3_3.conda
  sha256: 16080a1c7724f7d25727cdc23c7658e0cec2db52448c1dc0c33467ee2c6e1c62
  md5: 6acb86426229f96f93e5468d1df3a5e8
  depends:
  - __glibc >=2.17,<3.0.a0
  - libzlib 1.3.2 h25fd6f3_3
  license: Zlib
  license_family: Other
  run_exports:
    weak:
    - libzlib >=1.3.2,<2.0a0
  size: 96132
  timestamp: 1785362957588
- conda: https://conda.anaconda.org/conda-forge/linux-64/zstd-1.5.7-hb78ec9c_7.conda
  sha256: 47d682b9f6d6ec9eb1a6e6c3e75ea6273e899e78fb7fc59f81d39745009fbc60
  md5: aa459086047c0e5e27023ab19f8cb86a
  depends:
  - __glibc >=2.17,<3.0.a0
  - libzlib >=1.3.2,<2.0a0
  license: BSD-3-Clause
  license_family: BSD
  run_exports:
    weak:
    - zstd >=1.5.7,<1.6.0a0
  size: 601301
  timestamp: 1786599621503
- conda: https://conda.anaconda.org/conda-forge/noarch/ca-certificates-2026.7.22-hbd8a1cb_0.conda
  sha256: 0a0544cf95f64394fe4959286f5c71f5444ad58feb0602e53becb27448d24da6
  md5: 0f51e2391ade309db462a55611263e9c
  depends:
  - __unix
  license: ISC
  run_exports: {}
  size: 131780
  timestamp: 1784754889428
- conda: https://prefix.dev/brads-forge/linux-64/cocogitto-7.0.0-h81b34b9_2.conda
  sha256: 655817874d6f83db50bd4ca60f0127f792128deb3c97404035b1751871fa1e59
  md5: 64f73ed4a83d54f435039540c7c8f5dc
  license: MIT
  run_exports: {}
  size: 3154632
  timestamp: 1772686964029
- conda: https://prefix.dev/brads-forge/linux-64/copilot-cli-1.0.80-h81b34b9_1.conda
  sha256: bdcf8168b7b49611adae793db4d202a2b548d3910529a1e2d410eba7a20ca03a
  md5: 690ec3b7068332ba415418021b213b1a
  license: LicenseRef-GitHub-PreRelease
  run_exports: {}
  size: 104098439
  timestamp: 1787013735459
- conda: https://prefix.dev/brads-forge/linux-64/deno-2.9.5-h81b34b9_4.conda
  sha256: 86b6c62a3b51b0cc04b154e3ef78802a3c0fb2558ed7c02b4a102b552fb9460f
  md5: 3bea2f280d89fc2ef0789595c2560de9
  license: MIT
  run_exports: {}
  size: 35651506
  timestamp: 1787013454304
- conda: https://prefix.dev/brads-forge/linux-64/dotnetup-0.5.2-hcc556be_0.conda
  sha256: 92f0740b320644c8cd0f66876f5a9b1029d992ee3df737748a87226e66652093
  md5: 24859519fe91d34e6fc7b5c60a29b2f6
  depends:
  - zlib
  - libcurl
  - icu
  - krb5
  - lttng-ust
  - __glibc >=2.17
  license: MIT
  run_exports: {}
  size: 3775961
  timestamp: 1771557381178
- conda: https://prefix.dev/brads-forge/linux-64/dprint-0.55.2-h81b34b9_3.conda
  sha256: f912e3bd916018570d1afabbe9f09aa54b547947d567433554d826513ec2a717
  md5: b77be6f0c5de2e17061b7fdf40139f03
  license: MIT
  run_exports: {}
  size: 7761343
  timestamp: 1784089830555
- conda: https://prefix.dev/brads-forge/linux-64/lefthook-2.1.11-h81b34b9_2.conda
  sha256: 4b063837d601dd73af7292dd381eed2dce8e6d146c3bbc2fe29c68435180d957
  md5: 39f177edc4c9caa1cfaaaa3dc5c2982e
  license: MIT
  run_exports: {}
  size: 5184654
  timestamp: 1787358585657
- conda: https://prefix.dev/brads-forge/linux-64/skopeo-1.24.0-h81b34b9_0.conda
  sha256: c045d20f5924e877ce607bd6d82eefcff0298c71f6ca3c4d451c773d1cf10b6b
  md5: eb1ed3df434ab88eb509dc96721086d1
  license: Apache-2.0
  run_exports: {}
  size: 20251585
  timestamp: 1787013550857
- conda: https://prefix.dev/brads-forge/linux-64/task-3.53.1-h81b34b9_2.conda
  sha256: df7f61b79bf2533b9fadae12492943c0912cbb981a3dca1806b8c7a9157695f6
  md5: 22e92c79c97ff72c9c0559c2731fcab9
  license: MIT
  run_exports: {}
  size: 13793591
  timestamp: 1787111254554
- conda: https://prefix.dev/brads-forge/linux-64/xcaffold-0.15.0-h81b34b9_0.conda
  sha256: 21f4895d82e5fe204e1d03d4c8beb00006ab2e42fc624398770356a6284343e1
  md5: c42823168eb4799cfa7efc7f89ee4c5d
  license: MIT
  run_exports: {}
  size: 4442421
  timestamp: 1782018794738
